// !$*UTF8*$!
{
	archiveVersion = 1;
	classes = {
	};
	objectVersion = 51;
	objects = {

/* Begin PBXBuildFile section */
		7A054B71794EC5CF1EC95F59 /* Pods_Dunnit2.framework in Frameworks */ = {isa = PBXBuildFile; fileRef = C32BCD4DFEF6F40DC7EADA4A /* Pods_Dunnit2.framework */; };
		9B46D56725DB7DB500E990CC /* Utilities.swift in Sources */ = {isa = PBXBuildFile; fileRef = 9B46D56625DB7DB500E990CC /* Utilities.swift */; };
		9B46D56A25DB8BBD00E990CC /* GoogleService-Info.plist in Resources */ = {isa = PBXBuildFile; fileRef = 9B46D56925DB8BBD00E990CC /* GoogleService-Info.plist */; };
		9B46D59125DC73CE00E990CC /* Constants.swift in Sources */ = {isa = PBXBuildFile; fileRef = 9B46D59025DC73CE00E990CC /* Constants.swift */; };
		9B46D5CC25E4228400E990CC /* Home.storyboard in Resources */ = {isa = PBXBuildFile; fileRef = 9B46D5CB25E4228300E990CC /* Home.storyboard */; };
		9B46D5CF25E4D12000E990CC /* AddViewController.swift in Sources */ = {isa = PBXBuildFile; fileRef = 9B46D5CE25E4D12000E990CC /* AddViewController.swift */; };
		9B46D5D325E6D91100E990CC /* TaskModel.xcdatamodeld in Sources */ = {isa = PBXBuildFile; fileRef = 9B46D5D125E6D91100E990CC /* TaskModel.xcdatamodeld */; };
		9B46D5FA25E6DD5800E990CC /* DatabaseHelper.swift in Sources */ = {isa = PBXBuildFile; fileRef = 9B46D5F925E6DD5800E990CC /* DatabaseHelper.swift */; };
		9B46D62625ED436500E990CC /* MenuViewController.swift in Sources */ = {isa = PBXBuildFile; fileRef = 9B46D62525ED436500E990CC /* MenuViewController.swift */; };
		9B46D62925ED49E400E990CC /* SlideInTransition.swift in Sources */ = {isa = PBXBuildFile; fileRef = 9B46D62825ED49E400E990CC /* SlideInTransition.swift */; };
		9B6CC76B25DB5F5A00C0CAF7 /* AppDelegate.swift in Sources */ = {isa = PBXBuildFile; fileRef = 9B6CC76A25DB5F5A00C0CAF7 /* AppDelegate.swift */; };
		9B6CC76D25DB5F5A00C0CAF7 /* SceneDelegate.swift in Sources */ = {isa = PBXBuildFile; fileRef = 9B6CC76C25DB5F5A00C0CAF7 /* SceneDelegate.swift */; };
		9B6CC76F25DB5F5A00C0CAF7 /* ViewController.swift in Sources */ = {isa = PBXBuildFile; fileRef = 9B6CC76E25DB5F5A00C0CAF7 /* ViewController.swift */; };
		9B6CC77225DB5F5A00C0CAF7 /* Main.storyboard in Resources */ = {isa = PBXBuildFile; fileRef = 9B6CC77025DB5F5A00C0CAF7 /* Main.storyboard */; };
		9B6CC77425DB5F5F00C0CAF7 /* Assets.xcassets in Resources */ = {isa = PBXBuildFile; fileRef = 9B6CC77325DB5F5F00C0CAF7 /* Assets.xcassets */; };
		9B6CC77725DB5F5F00C0CAF7 /* LaunchScreen.storyboard in Resources */ = {isa = PBXBuildFile; fileRef = 9B6CC77525DB5F5F00C0CAF7 /* LaunchScreen.storyboard */; };
		9B6CC78025DB60DA00C0CAF7 /* SignUpViewController.swift in Sources */ = {isa = PBXBuildFile; fileRef = 9B6CC77F25DB60DA00C0CAF7 /* SignUpViewController.swift */; };
		9B6CC78325DB60F300C0CAF7 /* LoginViewController.swift in Sources */ = {isa = PBXBuildFile; fileRef = 9B6CC78225DB60F300C0CAF7 /* LoginViewController.swift */; };
		9B6CC78625DB60FD00C0CAF7 /* HomeViewController.swift in Sources */ = {isa = PBXBuildFile; fileRef = 9B6CC78525DB60FD00C0CAF7 /* HomeViewController.swift */; };
		9BBAE66125ED7DE1003CC28B /* SettingsViewController.swift in Sources */ = {isa = PBXBuildFile; fileRef = 9BBAE66025ED7DE1003CC28B /* SettingsViewController.swift */; };
		9BBAE66425ED7DF1003CC28B /* EditNameViewController.swift in Sources */ = {isa = PBXBuildFile; fileRef = 9BBAE66325ED7DF1003CC28B /* EditNameViewController.swift */; };
		9BBAE66725ED7DFA003CC28B /* Settings.storyboard in Resources */ = {isa = PBXBuildFile; fileRef = 9BBAE66625ED7DF9003CC28B /* Settings.storyboard */; };
/* End PBXBuildFile section */

/* Begin PBXFileReference section */
		6ACBC333C343F4E6DF719209 /* Pods-Dunnit2.debug.xcconfig */ = {isa = PBXFileReference; includeInIndex = 1; lastKnownFileType = text.xcconfig; name = "Pods-Dunnit2.debug.xcconfig"; path = "Target Support Files/Pods-Dunnit2/Pods-Dunnit2.debug.xcconfig"; sourceTree = "<group>"; };
		9B46D56625DB7DB500E990CC /* Utilities.swift */ = {isa = PBXFileReference; fileEncoding = 4; lastKnownFileType = sourcecode.swift; path = Utilities.swift; sourceTree = "<group>"; };
		9B46D56925DB8BBD00E990CC /* GoogleService-Info.plist */ = {isa = PBXFileReference; fileEncoding = 4; lastKnownFileType = text.plist.xml; path = "GoogleService-Info.plist"; sourceTree = "<group>"; };
		9B46D59025DC73CE00E990CC /* Constants.swift */ = {isa = PBXFileReference; lastKnownFileType = sourcecode.swift; path = Constants.swift; sourceTree = "<group>"; };
		9B46D5CB25E4228300E990CC /* Home.storyboard */ = {isa = PBXFileReference; lastKnownFileType = file.storyboard; path = Home.storyboard; sourceTree = "<group>"; };
		9B46D5CE25E4D12000E990CC /* AddViewController.swift */ = {isa = PBXFileReference; lastKnownFileType = sourcecode.swift; path = AddViewController.swift; sourceTree = "<group>"; };
		9B46D5D225E6D91100E990CC /* TaskModel.xcdatamodel */ = {isa = PBXFileReference; lastKnownFileType = wrapper.xcdatamodel; path = TaskModel.xcdatamodel; sourceTree = "<group>"; };
		9B46D5F925E6DD5800E990CC /* DatabaseHelper.swift */ = {isa = PBXFileReference; lastKnownFileType = sourcecode.swift; path = DatabaseHelper.swift; sourceTree = "<group>"; };
		9B46D62525ED436500E990CC /* MenuViewController.swift */ = {isa = PBXFileReference; lastKnownFileType = sourcecode.swift; path = MenuViewController.swift; sourceTree = "<group>"; };
		9B46D62825ED49E400E990CC /* SlideInTransition.swift */ = {isa = PBXFileReference; lastKnownFileType = sourcecode.swift; path = SlideInTransition.swift; sourceTree = "<group>"; };
		9B6CC76725DB5F5A00C0CAF7 /* Dunnit2.app */ = {isa = PBXFileReference; explicitFileType = wrapper.application; includeInIndex = 0; path = Dunnit2.app; sourceTree = BUILT_PRODUCTS_DIR; };
		9B6CC76A25DB5F5A00C0CAF7 /* AppDelegate.swift */ = {isa = PBXFileReference; lastKnownFileType = sourcecode.swift; path = AppDelegate.swift; sourceTree = "<group>"; };
		9B6CC76C25DB5F5A00C0CAF7 /* SceneDelegate.swift */ = {isa = PBXFileReference; lastKnownFileType = sourcecode.swift; path = SceneDelegate.swift; sourceTree = "<group>"; };
		9B6CC76E25DB5F5A00C0CAF7 /* ViewController.swift */ = {isa = PBXFileReference; lastKnownFileType = sourcecode.swift; path = ViewController.swift; sourceTree = "<group>"; };
		9B6CC77125DB5F5A00C0CAF7 /* Base */ = {isa = PBXFileReference; lastKnownFileType = file.storyboard; name = Base; path = Base.lproj/Main.storyboard; sourceTree = "<group>"; };
		9B6CC77325DB5F5F00C0CAF7 /* Assets.xcassets */ = {isa = PBXFileReference; lastKnownFileType = folder.assetcatalog; path = Assets.xcassets; sourceTree = "<group>"; };
		9B6CC77625DB5F5F00C0CAF7 /* Base */ = {isa = PBXFileReference; lastKnownFileType = file.storyboard; name = Base; path = Base.lproj/LaunchScreen.storyboard; sourceTree = "<group>"; };
		9B6CC77825DB5F5F00C0CAF7 /* Info.plist */ = {isa = PBXFileReference; lastKnownFileType = text.plist.xml; path = Info.plist; sourceTree = "<group>"; };
		9B6CC77F25DB60DA00C0CAF7 /* SignUpViewController.swift */ = {isa = PBXFileReference; lastKnownFileType = sourcecode.swift; path = SignUpViewController.swift; sourceTree = "<group>"; };
		9B6CC78225DB60F300C0CAF7 /* LoginViewController.swift */ = {isa = PBXFileReference; lastKnownFileType = sourcecode.swift; path = LoginViewController.swift; sourceTree = "<group>"; };
		9B6CC78525DB60FD00C0CAF7 /* HomeViewController.swift */ = {isa = PBXFileReference; lastKnownFileType = sourcecode.swift; path = HomeViewController.swift; sourceTree = "<group>"; };
		9BBAE66025ED7DE1003CC28B /* SettingsViewController.swift */ = {isa = PBXFileReference; fileEncoding = 4; lastKnownFileType = sourcecode.swift; path = SettingsViewController.swift; sourceTree = "<group>"; };
		9BBAE66325ED7DF1003CC28B /* EditNameViewController.swift */ = {isa = PBXFileReference; fileEncoding = 4; lastKnownFileType = sourcecode.swift; path = EditNameViewController.swift; sourceTree = "<group>"; };
		9BBAE66625ED7DF9003CC28B /* Settings.storyboard */ = {isa = PBXFileReference; fileEncoding = 4; lastKnownFileType = file.storyboard; path = Settings.storyboard; sourceTree = "<group>"; };
		C32BCD4DFEF6F40DC7EADA4A /* Pods_Dunnit2.framework */ = {isa = PBXFileReference; explicitFileType = wrapper.framework; includeInIndex = 0; path = Pods_Dunnit2.framework; sourceTree = BUILT_PRODUCTS_DIR; };
		CA084741BFBD77730308FAB1 /* Pods-Dunnit2.release.xcconfig */ = {isa = PBXFileReference; includeInIndex = 1; lastKnownFileType = text.xcconfig; name = "Pods-Dunnit2.release.xcconfig"; path = "Target Support Files/Pods-Dunnit2/Pods-Dunnit2.release.xcconfig"; sourceTree = "<group>"; };
/* End PBXFileReference section */

/* Begin PBXFrameworksBuildPhase section */
		9B6CC76425DB5F5A00C0CAF7 /* Frameworks */ = {
			isa = PBXFrameworksBuildPhase;
			buildActionMask = 2147483647;
			files = (
				7A054B71794EC5CF1EC95F59 /* Pods_Dunnit2.framework in Frameworks */,
			);
			runOnlyForDeploymentPostprocessing = 0;
		};
/* End PBXFrameworksBuildPhase section */

/* Begin PBXGroup section */
		9B6CC75E25DB5F5A00C0CAF7 = {
			isa = PBXGroup;
			children = (
				9B6CC76925DB5F5A00C0CAF7 /* Dunnit2 */,
				9B6CC76825DB5F5A00C0CAF7 /* Products */,
				A999CD333B1E60664AE0A3A6 /* Pods */,
				F30E44BAF396EA4AF5FC070A /* Frameworks */,
			);
			sourceTree = "<group>";
		};
		9B6CC76825DB5F5A00C0CAF7 /* Products */ = {
			isa = PBXGroup;
			children = (
				9B6CC76725DB5F5A00C0CAF7 /* Dunnit2.app */,
			);
			name = Products;
			sourceTree = "<group>";
		};
		9B6CC76925DB5F5A00C0CAF7 /* Dunnit2 */ = {
			isa = PBXGroup;
			children = (
				9B6CC76A25DB5F5A00C0CAF7 /* AppDelegate.swift */,
				9B6CC76C25DB5F5A00C0CAF7 /* SceneDelegate.swift */,
				9B6CC78E25DB7B1100C0CAF7 /* Helpers */,
				9B6CC78925DB612A00C0CAF7 /* ViewControllers */,
				9B6CC77025DB5F5A00C0CAF7 /* Main.storyboard */,
				9B46D5CB25E4228300E990CC /* Home.storyboard */,
				9BBAE66625ED7DF9003CC28B /* Settings.storyboard */,
				9B6CC77325DB5F5F00C0CAF7 /* Assets.xcassets */,
				9B6CC77525DB5F5F00C0CAF7 /* LaunchScreen.storyboard */,
				9B6CC77825DB5F5F00C0CAF7 /* Info.plist */,
				9B46D56925DB8BBD00E990CC /* GoogleService-Info.plist */,
				9B46D5D125E6D91100E990CC /* TaskModel.xcdatamodeld */,
				9B46D5F925E6DD5800E990CC /* DatabaseHelper.swift */,
				9B46D62825ED49E400E990CC /* SlideInTransition.swift */,
			);
			path = Dunnit2;
			sourceTree = "<group>";
		};
		9B6CC78925DB612A00C0CAF7 /* ViewControllers */ = {
			isa = PBXGroup;
			children = (
				9BBAE66025ED7DE1003CC28B /* SettingsViewController.swift */,
				9B6CC76E25DB5F5A00C0CAF7 /* ViewController.swift */,
				9B6CC77F25DB60DA00C0CAF7 /* SignUpViewController.swift */,
				9B6CC78225DB60F300C0CAF7 /* LoginViewController.swift */,
				9B6CC78525DB60FD00C0CAF7 /* HomeViewController.swift */,
				9B46D5CE25E4D12000E990CC /* AddViewController.swift */,
				9B46D62525ED436500E990CC /* MenuViewController.swift */,
				9BBAE66325ED7DF1003CC28B /* EditNameViewController.swift */,
			);
			path = ViewControllers;
			sourceTree = "<group>";
		};
		9B6CC78E25DB7B1100C0CAF7 /* Helpers */ = {
			isa = PBXGroup;
			children = (
				9B46D56625DB7DB500E990CC /* Utilities.swift */,
				9B46D59025DC73CE00E990CC /* Constants.swift */,
			);
			path = Helpers;
			sourceTree = "<group>";
		};
		A999CD333B1E60664AE0A3A6 /* Pods */ = {
			isa = PBXGroup;
			children = (
				6ACBC333C343F4E6DF719209 /* Pods-Dunnit2.debug.xcconfig */,
				CA084741BFBD77730308FAB1 /* Pods-Dunnit2.release.xcconfig */,
			);
			path = Pods;
			sourceTree = "<group>";
		};
		F30E44BAF396EA4AF5FC070A /* Frameworks */ = {
			isa = PBXGroup;
			children = (
				C32BCD4DFEF6F40DC7EADA4A /* Pods_Dunnit2.framework */,
			);
			name = Frameworks;
			sourceTree = "<group>";
		};
/* End PBXGroup section */

/* Begin PBXNativeTarget section */
		9B6CC76625DB5F5A00C0CAF7 /* Dunnit2 */ = {
			isa = PBXNativeTarget;
			buildConfigurationList = 9B6CC77B25DB5F5F00C0CAF7 /* Build configuration list for PBXNativeTarget "Dunnit2" */;
			buildPhases = (
				D70DFEF9D1E34B5D3E1D3A9D /* [CP] Check Pods Manifest.lock */,
				9B6CC76325DB5F5A00C0CAF7 /* Sources */,
				9B6CC76425DB5F5A00C0CAF7 /* Frameworks */,
				9B6CC76525DB5F5A00C0CAF7 /* Resources */,
				4EE061EF5456B279209C947C /* [CP] Embed Pods Frameworks */,
				09BA24D706CA859654220F68 /* [CP] Copy Pods Resources */,
			);
			buildRules = (
			);
			dependencies = (
			);
			name = Dunnit2;
			productName = Dunnit2;
			productReference = 9B6CC76725DB5F5A00C0CAF7 /* Dunnit2.app */;
			productType = "com.apple.product-type.application";
		};
/* End PBXNativeTarget section */

/* Begin PBXProject section */
		9B6CC75F25DB5F5A00C0CAF7 /* Project object */ = {
			isa = PBXProject;
			attributes = {
				LastSwiftUpdateCheck = 1240;
				LastUpgradeCheck = 1240;
				TargetAttributes = {
					9B6CC76625DB5F5A00C0CAF7 = {
						CreatedOnToolsVersion = 12.4;
					};
				};
			};
			buildConfigurationList = 9B6CC76225DB5F5A00C0CAF7 /* Build configuration list for PBXProject "Dunnit2" */;
			compatibilityVersion = "Xcode 9.3";
			developmentRegion = en;
			hasScannedForEncodings = 0;
			knownRegions = (
				en,
				Base,
			);
			mainGroup = 9B6CC75E25DB5F5A00C0CAF7;
			productRefGroup = 9B6CC76825DB5F5A00C0CAF7 /* Products */;
			projectDirPath = "";
			projectRoot = "";
			targets = (
				9B6CC76625DB5F5A00C0CAF7 /* Dunnit2 */,
			);
		};
/* End PBXProject section */

/* Begin PBXResourcesBuildPhase section */
		9B6CC76525DB5F5A00C0CAF7 /* Resources */ = {
			isa = PBXResourcesBuildPhase;
			buildActionMask = 2147483647;
			files = (
				9B6CC77725DB5F5F00C0CAF7 /* LaunchScreen.storyboard in Resources */,
				9B46D5CC25E4228400E990CC /* Home.storyboard in Resources */,
				9B6CC77425DB5F5F00C0CAF7 /* Assets.xcassets in Resources */,
				9BBAE66725ED7DFA003CC28B /* Settings.storyboard in Resources */,
				9B6CC77225DB5F5A00C0CAF7 /* Main.storyboard in Resources */,
				9B46D56A25DB8BBD00E990CC /* GoogleService-Info.plist in Resources */,
			);
			runOnlyForDeploymentPostprocessing = 0;
		};
/* End PBXResourcesBuildPhase section */

/* Begin PBXShellScriptBuildPhase section */
		09BA24D706CA859654220F68 /* [CP] Copy Pods Resources */ = {
			isa = PBXShellScriptBuildPhase;
			buildActionMask = 2147483647;
			files = (
			);
			inputFileListPaths = (
				"${PODS_ROOT}/Target Support Files/Pods-Dunnit2/Pods-Dunnit2-resources-${CONFIGURATION}-input-files.xcfilelist",
			);
			name = "[CP] Copy Pods Resources";
			outputFileListPaths = (
				"${PODS_ROOT}/Target Support Files/Pods-Dunnit2/Pods-Dunnit2-resources-${CONFIGURATION}-output-files.xcfilelist",
			);
			runOnlyForDeploymentPostprocessing = 0;
			shellPath = /bin/sh;
			shellScript = "\"${PODS_ROOT}/Target Support Files/Pods-Dunnit2/Pods-Dunnit2-resources.sh\"\n";
			showEnvVarsInLog = 0;
		};
		4EE061EF5456B279209C947C /* [CP] Embed Pods Frameworks */ = {
			isa = PBXShellScriptBuildPhase;
			buildActionMask = 2147483647;
			files = (
			);
			inputFileListPaths = (
				"${PODS_ROOT}/Target Support Files/Pods-Dunnit2/Pods-Dunnit2-frameworks-${CONFIGURATION}-input-files.xcfilelist",
			);
			name = "[CP] Embed Pods Frameworks";
			outputFileListPaths = (
				"${PODS_ROOT}/Target Support Files/Pods-Dunnit2/Pods-Dunnit2-frameworks-${CONFIGURATION}-output-files.xcfilelist",
			);
			runOnlyForDeploymentPostprocessing = 0;
			shellPath = /bin/sh;
			shellScript = "\"${PODS_ROOT}/Target Support Files/Pods-Dunnit2/Pods-Dunnit2-frameworks.sh\"\n";
			showEnvVarsInLog = 0;
		};
		D70DFEF9D1E34B5D3E1D3A9D /* [CP] Check Pods Manifest.lock */ = {
			isa = PBXShellScriptBuildPhase;
			buildActionMask = 2147483647;
			files = (
			);
			inputFileListPaths = (
			);
			inputPaths = (
				"${PODS_PODFILE_DIR_PATH}/Podfile.lock",
				"${PODS_ROOT}/Manifest.lock",
			);
			name = "[CP] Check Pods Manifest.lock";
			outputFileListPaths = (
			);
			outputPaths = (
				"$(DERIVED_FILE_DIR)/Pods-Dunnit2-checkManifestLockResult.txt",
			);
			runOnlyForDeploymentPostprocessing = 0;
			shellPath = /bin/sh;
			shellScript = "diff \"${PODS_PODFILE_DIR_PATH}/Podfile.lock\" \"${PODS_ROOT}/Manifest.lock\" > /dev/null\nif [ $? != 0 ] ; then\n    # print error to STDERR\n    echo \"error: The sandbox is not in sync with the Podfile.lock. Run 'pod install' or update your CocoaPods installation.\" >&2\n    exit 1\nfi\n# This output is used by Xcode 'outputs' to avoid re-running this script phase.\necho \"SUCCESS\" > \"${SCRIPT_OUTPUT_FILE_0}\"\n";
			showEnvVarsInLog = 0;
		};
/* End PBXShellScriptBuildPhase section */

/* Begin PBXSourcesBuildPhase section */
		9B6CC76325DB5F5A00C0CAF7 /* Sources */ = {
			isa = PBXSourcesBuildPhase;
			buildActionMask = 2147483647;
			files = (
				9B46D5D325E6D91100E990CC /* TaskModel.xcdatamodeld in Sources */,
				9B6CC76F25DB5F5A00C0CAF7 /* ViewController.swift in Sources */,
				9B6CC76B25DB5F5A00C0CAF7 /* AppDelegate.swift in Sources */,
				9B46D5FA25E6DD5800E990CC /* DatabaseHelper.swift in Sources */,
				9B46D5CF25E4D12000E990CC /* AddViewController.swift in Sources */,
				9B46D56725DB7DB500E990CC /* Utilities.swift in Sources */,
				9B6CC78025DB60DA00C0CAF7 /* SignUpViewController.swift in Sources */,
				9B46D62625ED436500E990CC /* MenuViewController.swift in Sources */,
				9B6CC78325DB60F300C0CAF7 /* LoginViewController.swift in Sources */,
				9BBAE66425ED7DF1003CC28B /* EditNameViewController.swift in Sources */,
				9BBAE66125ED7DE1003CC28B /* SettingsViewController.swift in Sources */,
				9B6CC76D25DB5F5A00C0CAF7 /* SceneDelegate.swift in Sources */,
				9B6CC78625DB60FD00C0CAF7 /* HomeViewController.swift in Sources */,
				9B46D62925ED49E400E990CC /* SlideInTransition.swift in Sources */,
				9B46D59125DC73CE00E990CC /* Constants.swift in Sources */,
			);
			runOnlyForDeploymentPostprocessing = 0;
		};
/* End PBXSourcesBuildPhase section */

/* Begin PBXVariantGroup section */
		9B6CC77025DB5F5A00C0CAF7 /* Main.storyboard */ = {
			isa = PBXVariantGroup;
			children = (
				9B6CC77125DB5F5A00C0CAF7 /* Base */,
			);
			name = Main.storyboard;
			sourceTree = "<group>";
		};
		9B6CC77525DB5F5F00C0CAF7 /* LaunchScreen.storyboard */ = {
			isa = PBXVariantGroup;
			children = (
				9B6CC77625DB5F5F00C0CAF7 /* Base */,
			);
			name = LaunchScreen.storyboard;
			sourceTree = "<group>";
		};
/* End PBXVariantGroup section */

/* Begin XCBuildConfiguration section */
		9B6CC77925DB5F5F00C0CAF7 /* Debug */ = {
			isa = XCBuildConfiguration;
			buildSettings = {
				ALWAYS_SEARCH_USER_PATHS = NO;
				CLANG_ANALYZER_NONNULL = YES;
				CLANG_ANALYZER_NUMBER_OBJECT_CONVERSION = YES_AGGRESSIVE;
				CLANG_CXX_LANGUAGE_STANDARD = "gnu++14";
				CLANG_CXX_LIBRARY = "libc++";
				CLANG_ENABLE_MODULES = YES;
				CLANG_ENABLE_OBJC_ARC = YES;
				CLANG_ENABLE_OBJC_WEAK = YES;
				CLANG_WARN_BLOCK_CAPTURE_AUTORELEASING = YES;
				CLANG_WARN_BOOL_CONVERSION = YES;
				CLANG_WARN_COMMA = YES;
				CLANG_WARN_CONSTANT_CONVERSION = YES;
				CLANG_WARN_DEPRECATED_OBJC_IMPLEMENTATIONS = YES;
				CLANG_WARN_DIRECT_OBJC_ISA_USAGE = YES_ERROR;
				CLANG_WARN_DOCUMENTATION_COMMENTS = YES;
				CLANG_WARN_EMPTY_BODY = YES;
				CLANG_WARN_ENUM_CONVERSION = YES;
				CLANG_WARN_INFINITE_RECURSION = YES;
				CLANG_WARN_INT_CONVERSION = YES;
				CLANG_WARN_NON_LITERAL_NULL_CONVERSION = YES;
				CLANG_WARN_OBJC_IMPLICIT_RETAIN_SELF = YES;
				CLANG_WARN_OBJC_LITERAL_CONVERSION = YES;
				CLANG_WARN_OBJC_ROOT_CLASS = YES_ERROR;
				CLANG_WARN_QUOTED_INCLUDE_IN_FRAMEWORK_HEADER = YES;
				CLANG_WARN_RANGE_LOOP_ANALYSIS = YES;
				CLANG_WARN_STRICT_PROTOTYPES = YES;
				CLANG_WARN_SUSPICIOUS_MOVE = YES;
				CLANG_WARN_UNGUARDED_AVAILABILITY = YES_AGGRESSIVE;
				CLANG_WARN_UNREACHABLE_CODE = YES;
				CLANG_WARN__DUPLICATE_METHOD_MATCH = YES;
				COPY_PHASE_STRIP = NO;
				DEBUG_INFORMATION_FORMAT = dwarf;
				ENABLE_STRICT_OBJC_MSGSEND = YES;
				ENABLE_TESTABILITY = YES;
				GCC_C_LANGUAGE_STANDARD = gnu11;
				GCC_DYNAMIC_NO_PIC = NO;
				GCC_NO_COMMON_BLOCKS = YES;
				GCC_OPTIMIZATION_LEVEL = 0;
				GCC_PREPROCESSOR_DEFINITIONS = (
					"DEBUG=1",
					"$(inherited)",
				);
				GCC_WARN_64_TO_32_BIT_CONVERSION = YES;
				GCC_WARN_ABOUT_RETURN_TYPE = YES_ERROR;
				GCC_WARN_UNDECLARED_SELECTOR = YES;
				GCC_WARN_UNINITIALIZED_AUTOS = YES_AGGRESSIVE;
				GCC_WARN_UNUSED_FUNCTION = YES;
				GCC_WARN_UNUSED_VARIABLE = YES;
				IPHONEOS_DEPLOYMENT_TARGET = 14.4;
				MTL_ENABLE_DEBUG_INFO = INCLUDE_SOURCE;
				MTL_FAST_MATH = YES;
				ONLY_ACTIVE_ARCH = YES;
				SDKROOT = iphoneos;
				SWIFT_ACTIVE_COMPILATION_CONDITIONS = DEBUG;
				SWIFT_OPTIMIZATION_LEVEL = "-Onone";
			};
			name = Debug;
		};
		9B6CC77A25DB5F5F00C0CAF7 /* Release */ = {
			isa = XCBuildConfiguration;
			buildSettings = {
				ALWAYS_SEARCH_USER_PATHS = NO;
				CLANG_ANALYZER_NONNULL = YES;
				CLANG_ANALYZER_NUMBER_OBJECT_CONVERSION = YES_AGGRESSIVE;
				CLANG_CXX_LANGUAGE_STANDARD = "gnu++14";
				CLANG_CXX_LIBRARY = "libc++";
				CLANG_ENABLE_MODULES = YES;
				CLANG_ENABLE_OBJC_ARC = YES;
				CLANG_ENABLE_OBJC_WEAK = YES;
				CLANG_WARN_BLOCK_CAPTURE_AUTORELEASING = YES;
				CLANG_WARN_BOOL_CONVERSION = YES;
				CLANG_WARN_COMMA = YES;
				CLANG_WARN_CONSTANT_CONVERSION = YES;
				CLANG_WARN_DEPRECATED_OBJC_IMPLEMENTATIONS = YES;
				CLANG_WARN_DIRECT_OBJC_ISA_USAGE = YES_ERROR;
				CLANG_WARN_DOCUMENTATION_COMMENTS = YES;
				CLANG_WARN_EMPTY_BODY = YES;
				CLANG_WARN_ENUM_CONVERSION = YES;
				CLANG_WARN_INFINITE_RECURSION = YES;
				CLANG_WARN_INT_CONVERSION = YES;
				CLANG_WARN_NON_LITERAL_NULL_CONVERSION = YES;
				CLANG_WARN_OBJC_IMPLICIT_RETAIN_SELF = YES;
				CLANG_WARN_OBJC_LITERAL_CONVERSION = YES;
				CLANG_WARN_OBJC_ROOT_CLASS = YES_ERROR;
				CLANG_WARN_QUOTED_INCLUDE_IN_FRAMEWORK_HEADER = YES;
				CLANG_WARN_RANGE_LOOP_ANALYSIS = YES;
				CLANG_WARN_STRICT_PROTOTYPES = YES;
				CLANG_WARN_SUSPICIOUS_MOVE = YES;
				CLANG_WARN_UNGUARDED_AVAILABILITY = YES_AGGRESSIVE;
				CLANG_WARN_UNREACHABLE_CODE = YES;
				CLANG_WARN__DUPLICATE_METHOD_MATCH = YES;
				COPY_PHASE_STRIP = NO;
				DEBUG_INFORMATION_FORMAT = "dwarf-with-dsym";
				ENABLE_NS_ASSERTIONS = NO;
				ENABLE_STRICT_OBJC_MSGSEND = YES;
				GCC_C_LANGUAGE_STANDARD = gnu11;
				GCC_NO_COMMON_BLOCKS = YES;
				GCC_WARN_64_TO_32_BIT_CONVERSION = YES;
				GCC_WARN_ABOUT_RETURN_TYPE = YES_ERROR;
				GCC_WARN_UNDECLARED_SELECTOR = YES;
				GCC_WARN_UNINITIALIZED_AUTOS = YES_AGGRESSIVE;
				GCC_WARN_UNUSED_FUNCTION = YES;
				GCC_WARN_UNUSED_VARIABLE = YES;
				IPHONEOS_DEPLOYMENT_TARGET = 14.4;
				MTL_ENABLE_DEBUG_INFO = NO;
				MTL_FAST_MATH = YES;
				SDKROOT = iphoneos;
				SWIFT_COMPILATION_MODE = wholemodule;
				SWIFT_OPTIMIZATION_LEVEL = "-O";
				VALIDATE_PRODUCT = YES;
			};
			name = Release;
		};
		9B6CC77C25DB5F5F00C0CAF7 /* Debug */ = {
			isa = XCBuildConfiguration;
			baseConfigurationReference = 6ACBC333C343F4E6DF719209 /* Pods-Dunnit2.debug.xcconfig */;
			buildSettings = {
				ASSETCATALOG_COMPILER_APPICON_NAME = AppIcon;
				ASSETCATALOG_COMPILER_GLOBAL_ACCENT_COLOR_NAME = AccentColor;
				CODE_SIGN_STYLE = Automatic;
				DEVELOPMENT_TEAM = 9J8PP3T9PF;
				INFOPLIST_FILE = Dunnit2/Info.plist;
				LD_RUNPATH_SEARCH_PATHS = (
					"$(inherited)",
					"@executable_path/Frameworks",
				);
				PRODUCT_BUNDLE_IDENTIFIER = com.Dunnit2.Dunnit2;
				PRODUCT_NAME = "$(TARGET_NAME)";
				SWIFT_VERSION = 5.0;
				TARGETED_DEVICE_FAMILY = "1,2";
			};
			name = Debug;
		};
		9B6CC77D25DB5F5F00C0CAF7 /* Release */ = {
			isa = XCBuildConfiguration;
			baseConfigurationReference = CA084741BFBD77730308FAB1 /* Pods-Dunnit2.release.xcconfig */;
			buildSettings = {
				ASSETCATALOG_COMPILER_APPICON_NAME = AppIcon;
				ASSETCATALOG_COMPILER_GLOBAL_ACCENT_COLOR_NAME = AccentColor;
				CODE_SIGN_STYLE = Automatic;
				DEVELOPMENT_TEAM = 9J8PP3T9PF;
				INFOPLIST_FILE = Dunnit2/Info.plist;
				LD_RUNPATH_SEARCH_PATHS = (
					"$(inherited)",
					"@executable_path/Frameworks",
				);
				PRODUCT_BUNDLE_IDENTIFIER = com.Dunnit2.Dunnit2;
				PRODUCT_NAME = "$(TARGET_NAME)";
				SWIFT_VERSION = 5.0;
				TARGETED_DEVICE_FAMILY = "1,2";
			};
			name = Release;
		};
/* End XCBuildConfiguration section */

/* Begin XCConfigurationList section */
		9B6CC76225DB5F5A00C0CAF7 /* Build configuration list for PBXProject "Dunnit2" */ = {
			isa = XCConfigurationList;
			buildConfigurations = (
				9B6CC77925DB5F5F00C0CAF7 /* Debug */,
				9B6CC77A25DB5F5F00C0CAF7 /* Release */,
			);
			defaultConfigurationIsVisible = 0;
			defaultConfigurationName = Release;
		};
		9B6CC77B25DB5F5F00C0CAF7 /* Build configuration list for PBXNativeTarget "Dunnit2" */ = {
			isa = XCConfigurationList;
			buildConfigurations = (
				9B6CC77C25DB5F5F00C0CAF7 /* Debug */,
				9B6CC77D25DB5F5F00C0CAF7 /* Release */,
			);
			defaultConfigurationIsVisible = 0;
			defaultConfigurationName = Release;
		};
/* End XCConfigurationList section */

/* Begin XCVersionGroup section */
		9B46D5D125E6D91100E990CC /* TaskModel.xcdatamodeld */ = {
			isa = XCVersionGroup;
			children = (
				9B46D5D225E6D91100E990CC /* TaskModel.xcdatamodel */,
			);
			currentVersion = 9B46D5D225E6D91100E990CC /* TaskModel.xcdatamodel */;
			path = TaskModel.xcdatamodeld;
			sourceTree = "<group>";
			versionGroupType = wrapper.xcdatamodel;
		};
/* End XCVersionGroup section */
	};
	rootObject = 9B6CC75F25DB5F5A00C0CAF7 /* Project object */;
}
